
Microsoft Visual Studio Solution File, Format Version 12.00
# Visual Studio Version 17
VisualStudioVersion = 17.1.32228.430
MinimumVisualStudioVersion = 10.0.40219.1
Project("{9A19103F-16F7-4668-BE54-9A1E7A4F7556}") = "CoconaConsoleApp", "CoconaConsoleApp\CoconaConsoleApp.csproj", "{3442E0F3-3E04-473A-A68E-52779B4458A7}"
EndProject
Project("{9A19103F-16F7-4668-BE54-9A1E7A4F7556}") = "Services", "Services\Services.csproj", "{9CF1D1AA-81C3-4E54-981E-144D52D972B8}"
EndProject
Project("{9A19103F-16F7-4668-BE54-9A1E7A4F7556}") = "PlainImplConsoleApp", "PlainImplConsoleApp\PlainImplConsoleApp.csproj", "{8CA07EEF-9358-4361-B7CD-0F003AFD2745}"
EndProject
Project("{9A19103F-16F7-4668-BE54-9A1E7A4F7556}") = "CoconaLightConsoleApp", "CoconaLightConsoleApp\CoconaLightConsoleApp.csproj", "{93173BAC-7969-4B99-8A66-4814221EC48D}"
EndProject
Project("{9A19103F-16F7-4668-BE54-9A1E7A4F7556}") = "McMasterConsoleApp", "McMasterConsoleApp\McMasterConsoleApp.csproj", "{9276F2D8-90E0-478C-9B8E-DBCAA9A133DF}"
EndProject
Project("{FAE04EC0-301F-11D3-BF4B-00C04F79EFBC}") = "Test", "Test\Test.csproj", "{6B0FE32D-FC56-48FA-B361-FEB24155492B}"
EndProject
Global
	GlobalSection(SolutionConfigurationPlatforms) = preSolution
		Debug|Any CPU = Debug|Any CPU
		Release|Any CPU = Release|Any CPU
	EndGlobalSection
	GlobalSection(ProjectConfigurationPlatforms) = postSolution
		{3442E0F3-3E04-473A-A68E-52779B4458A7}.Debug|Any CPU.ActiveCfg = Debug|Any CPU
		{3442E0F3-3E04-473A-A68E-52779B4458A7}.Debug|Any CPU.Build.0 = Debug|Any CPU
		{3442E0F3-3E04-473A-A68E-52779B4458A7}.Release|Any CPU.ActiveCfg = Release|Any CPU
		{3442E0F3-3E04-473A-A68E-52779B4458A7}.Release|Any CPU.Build.0 = Release|Any CPU
		{9CF1D1AA-81C3-4E54-981E-144D52D972B8}.Debug|Any CPU.ActiveCfg = Debug|Any CPU
		{9CF1D1AA-81C3-4E54-981E-144D52D972B8}.Debug|Any CPU.Build.0 = Debug|Any CPU
		{9CF1D1AA-81C3-4E54-981E-144D52D972B8}.Release|Any CPU.ActiveCfg = Release|Any CPU
		{9CF1D1AA-81C3-4E54-981E-144D52D972B8}.Release|Any CPU.Build.0 = Release|Any CPU
		{8CA07EEF-9358-4361-B7CD-0F003AFD2745}.Debug|Any CPU.ActiveCfg = Debug|Any CPU
		{8CA07EEF-9358-4361-B7CD-0F003AFD2745}.Debug|Any CPU.Build.0 = Debug|Any CPU
		{8CA07EEF-9358-4361-B7CD-0F003AFD2745}.Release|Any CPU.ActiveCfg = Release|Any CPU
		{8CA07EEF-9358-4361-B7CD-0F003AFD2745}.Release|Any CPU.Build.0 = Release|Any CPU
		{93173BAC-7969-4B99-8A66-4814221EC48D}.Debug|Any CPU.ActiveCfg = Debug|Any CPU
		{93173BAC-7969-4B99-8A66-4814221EC48D}.Debug|Any CPU.Build.0 = Debug|Any CPU
		{93173BAC-7969-4B99-8A66-4814221EC48D}.Release|Any CPU.ActiveCfg = Release|Any CPU
		{93173BAC-7969-4B99-8A66-4814221EC48D}.Release|Any CPU.Build.0 = Release|Any CPU
		{9276F2D8-90E0-478C-9B8E-DBCAA9A133DF}.Debug|Any CPU.ActiveCfg = Debug|Any CPU
		{9276F2D8-90E0-478C-9B8E-DBCAA9A133DF}.Debug|Any CPU.Build.0 = Debug|Any CPU
		{9276F2D8-90E0-478C-9B8E-DBCAA9A133DF}.Release|Any CPU.ActiveCfg = Release|Any CPU
		{9276F2D8-90E0-478C-9B8E-DBCAA9A133DF}.Release|Any CPU.Build.0 = Release|Any CPU
		{6B0FE32D-FC56-48FA-B361-FEB24155492B}.Debug|Any CPU.ActiveCfg = Debug|Any CPU
		{6B0FE32D-FC56-48FA-B361-FEB24155492B}.Debug|Any CPU.Build.0 = Debug|Any CPU
		{6B0FE32D-FC56-48FA-B361-FEB24155492B}.Release|Any CPU.ActiveCfg = Release|Any CPU
		{6B0FE32D-FC56-48FA-B361-FEB24155492B}.Release|Any CPU.Build.0 = Release|Any CPU
	EndGlobalSection
	GlobalSection(SolutionProperties) = preSolution
		HideSolutionNode = FALSE
	EndGlobalSection
	GlobalSection(ExtensibilityGlobals) = postSolution
		SolutionGuid = {AF131444-55DE-4884-ABD6-0C6A11CCC9B1}
	EndGlobalSection
EndGlobal
